<?xml version="1.0" encoding="utf-8"?>
<Project ToolsVersion="4.0" xmlns="http://schemas.microsoft.com/developer/msbuild/2003">
  <ItemGroup>
    <Filter Include="Gsoap Files">
      <UniqueIdentifier>{3abe901f-06b2-496d-bea2-d68bdb875427}</UniqueIdentifier>
    </Filter>
    <Filter Include="Source Files">
      <UniqueIdentifier>{3d7e8b94-fa75-4bea-9d1f-96e4d55952aa}</UniqueIdentifier>
    </Filter>
    <Filter Include="Header Files">
      <UniqueIdentifier>{0030df66-a96b-4e39-9466-f307c7500230}</UniqueIdentifier>
    </Filter>
    <Filter Include="DumpUploadService Files">
      <UniqueIdentifier>{3be26080-38db-4483-a8e2-7666f50811b4}</UniqueIdentifier>
    </Filter>
  </ItemGroup>
  <ItemGroup>
    <ClCompile Include="..\..\external\gsoap-win32-2.8.0\stdsoap2.cpp">
      <Filter>Gsoap Files</Filter>
    </ClCompile>
    <ClCompile Include="DumpUploaderWebService.cpp">
      <Filter>Source Files</Filter>
    </ClCompile>
    <ClCompile Include="gsoapWinInet.cpp">
      <Filter>Source Files</Filter>
    </ClCompile>
    <ClCompile Include="generated\soapC.cpp">
      <Filter>DumpUploadService Files</Filter>
    </ClCompile>
    <ClCompile Include="generated\soapUploaderSoapProxy.cpp">
      <Filter>DumpUploadService Files</Filter>
    </ClCompile>
  </ItemGroup>
  <ItemGroup>
    <ClInclude Include="DumpUploaderWebService.h">
      <Filter>Header Files</Filter>
    </ClInclude>
    <ClInclude Include="gsoapWinInet.h">
      <Filter>Header Files</Filter>
    </ClInclude>
    <ClInclude Include="generated\soapH.h">
      <Filter>DumpUploadService Files</Filter>
    </ClInclude>
    <ClInclude Include="generated\soapStub.h">
      <Filter>DumpUploadService Files</Filter>
    </ClInclude>
    <ClInclude Include="generated\soapUploaderSoapProxy.h">
      <Filter>DumpUploadService Files</Filter>
    </ClInclude>
  </ItemGroup>
</Project>